
Microsoft Visual Studio Solution File, Format Version 12.00
# Visual Studio Version 17
VisualStudioVersion = 17.8.34525.116
MinimumVisualStudioVersion = 10.0.40219.1
Project("{8BC9CEB8-8B4A-11D0-8D11-00A0C91BC942}") = "mod2_les5_task2", "mod2_les5_task2.vcxproj", "{BA539E18-2558-4B86-A362-E0781361CE99}"
EndProject
Global
	GlobalSection(SolutionConfigurationPlatforms) = preSolution
		Debug|x64 = Debug|x64
		Debug|x86 = Debug|x86
		Release|x64 = Release|x64
		Release|x86 = Release|x86
	EndGlobalSection
	GlobalSection(ProjectConfigurationPlatforms) = postSolution
		{BA539E18-2558-4B86-A362-E0781361CE99}.Debug|x64.ActiveCfg = Debug|x64
		{BA539E18-2558-4B86-A362-E0781361CE99}.Debug|x64.Build.0 = Debug|x64
		{BA539E18-2558-4B86-A362-E0781361CE99}.Debug|x86.ActiveCfg = Debug|Win32
		{BA539E18-2558-4B86-A362-E0781361CE99}.Debug|x86.Build.0 = Debug|Win32
		{BA539E18-2558-4B86-A362-E0781361CE99}.Release|x64.ActiveCfg = Release|x64
		{BA539E18-2558-4B86-A362-E0781361CE99}.Release|x64.Build.0 = Release|x64
		{BA539E18-2558-4B86-A362-E0781361CE99}.Release|x86.ActiveCfg = Release|Win32
		{BA539E18-2558-4B86-A362-E0781361CE99}.Release|x86.Build.0 = Release|Win32
	EndGlobalSection
	GlobalSection(SolutionProperties) = preSolution
		HideSolutionNode = FALSE
	EndGlobalSection
	GlobalSection(ExtensibilityGlobals) = postSolution
		SolutionGuid = {1CC1FE8D-3D4D-4FDA-8C4E-BE25D3FAC51C}
	EndGlobalSection
EndGlobal
